// !$*UTF8*$!
{
	archiveVersion = 1;
	classes = {
	};
	objectVersion = 77;
	objects = {

/* Begin PBXBuildFile section */
		534426582EA5270300032EB7 /* OnboardingViewModel.swift in Sources */ = {isa = PBXBuildFile; fileRef = 534426512EA5270300032EB7 /* OnboardingViewModel.swift */; };
		534426592EA5270300032EB7 /* ContentView.swift in Sources */ = {isa = PBXBuildFile; fileRef = 534426542EA5270300032EB7 /* ContentView.swift */; };
		5344265A2EA5270300032EB7 /* LearningJourneyApp.swift in Sources */ = {isa = PBXBuildFile; fileRef = 534426552EA5270300032EB7 /* LearningJourneyApp.swift */; };
		5344265B2EA5270300032EB7 /* Assets.xcassets in Resources */ = {isa = PBXBuildFile; fileRef = 534426532EA5270300032EB7 /* Assets.xcassets */; };
		5344265F2EA527EE00032EB7 /* File.swift in Sources */ = {isa = PBXBuildFile; fileRef = 5344265E2EA527EE00032EB7 /* File.swift */; };
		5347CC872EAA3A9E007FAB47 /* SavedDataView.swift in Sources */ = {isa = PBXBuildFile; fileRef = 5347CC862EAA3A9E007FAB47 /* SavedDataView.swift */; };
/* End PBXBuildFile section */

/* Begin PBXFileReference section */
		534426382EA5067C00032EB7 /* LearningJourney.app */ = {isa = PBXFileReference; explicitFileType = wrapper.application; includeInIndex = 0; path = LearningJourney.app; sourceTree = BUILT_PRODUCTS_DIR; };
		534426512EA5270300032EB7 /* OnboardingViewModel.swift */ = {isa = PBXFileReference; lastKnownFileType = sourcecode.swift; path = OnboardingViewModel.swift; sourceTree = "<group>"; };
		534426532EA5270300032EB7 /* Assets.xcassets */ = {isa = PBXFileReference; lastKnownFileType = folder.assetcatalog; path = Assets.xcassets; sourceTree = "<group>"; };
		534426542EA5270300032EB7 /* ContentView.swift */ = {isa = PBXFileReference; lastKnownFileType = sourcecode.swift; path = ContentView.swift; sourceTree = "<group>"; };
		534426552EA5270300032EB7 /* LearningJourneyApp.swift */ = {isa = PBXFileReference; lastKnownFileType = sourcecode.swift; path = LearningJourneyApp.swift; sourceTree = "<group>"; };
		5344265E2EA527EE00032EB7 /* File.swift */ = {isa = PBXFileReference; lastKnownFileType = sourcecode.swift; path = File.swift; sourceTree = "<group>"; };
		5347CC862EAA3A9E007FAB47 /* SavedDataView.swift */ = {isa = PBXFileReference; lastKnownFileType = sourcecode.swift; path = SavedDataView.swift; sourceTree = "<group>"; };
/* End PBXFileReference section */

/* Begin PBXFileSystemSynchronizedRootGroup section */
		5344265D2EA5272A00032EB7 /* SharedComponents */ = {
			isa = PBXFileSystemSynchronizedRootGroup;
			path = SharedComponents;
			sourceTree = "<group>";
		};
		5347CC7F2EA98A63007FAB47 /* activity */ = {
			isa = PBXFileSystemSynchronizedRootGroup;
			path = activity;
			sourceTree = "<group>";
		};
		5347CC802EA98A8C007FAB47 /* calendar */ = {
			isa = PBXFileSystemSynchronizedRootGroup;
			path = calendar;
			sourceTree = "<group>";
		};
		5347CC812EA98AA8007FAB47 /* changeGoal */ = {
			isa = PBXFileSystemSynchronizedRootGroup;
			path = changeGoal;
			sourceTree = "<group>";
		};
		5347CC822EA98ABC007FAB47 /* onboarding */ = {
			isa = PBXFileSystemSynchronizedRootGroup;
			path = onboarding;
			sourceTree = "<group>";
		};
/* End PBXFileSystemSynchronizedRootGroup section */

/* Begin PBXFrameworksBuildPhase section */
		534426352EA5067C00032EB7 /* Frameworks */ = {
			isa = PBXFrameworksBuildPhase;
			buildActionMask = 2147483647;
			files = (
			);
			runOnlyForDeploymentPostprocessing = 0;
		};
/* End PBXFrameworksBuildPhase section */

/* Begin PBXGroup section */
		5344262F2EA5067C00032EB7 = {
			isa = PBXGroup;
			children = (
				534426562EA5270300032EB7 /* LearningJourney */,
				534426392EA5067C00032EB7 /* Products */,
			);
			sourceTree = "<group>";
		};
		534426392EA5067C00032EB7 /* Products */ = {
			isa = PBXGroup;
			children = (
				534426382EA5067C00032EB7 /* LearningJourney.app */,
			);
			name = Products;
			sourceTree = "<group>";
		};
		5344264F2EA5270300032EB7 /* Model */ = {
			isa = PBXGroup;
			children = (
				5344265E2EA527EE00032EB7 /* File.swift */,
			);
			path = Model;
			sourceTree = "<group>";
		};
		534426522EA5270300032EB7 /* Views */ = {
			isa = PBXGroup;
			children = (
				5344265D2EA5272A00032EB7 /* SharedComponents */,
				5347CC822EA98ABC007FAB47 /* onboarding */,
				5347CC7F2EA98A63007FAB47 /* activity */,
				5347CC802EA98A8C007FAB47 /* calendar */,
				5347CC812EA98AA8007FAB47 /* changeGoal */,
			);
			path = Views;
			sourceTree = "<group>";
		};
		534426562EA5270300032EB7 /* LearningJourney */ = {
			isa = PBXGroup;
			children = (
				5347CC832EAA3A05007FAB47 /* ViewModel */,
				5344264F2EA5270300032EB7 /* Model */,
				534426522EA5270300032EB7 /* Views */,
				534426532EA5270300032EB7 /* Assets.xcassets */,
				534426542EA5270300032EB7 /* ContentView.swift */,
				5347CC862EAA3A9E007FAB47 /* SavedDataView.swift */,
				534426552EA5270300032EB7 /* LearningJourneyApp.swift */,
			);
			path = LearningJourney;
			sourceTree = "<group>";
		};
		5347CC832EAA3A05007FAB47 /* ViewModel */ = {
			isa = PBXGroup;
			children = (
				534426512EA5270300032EB7 /* OnboardingViewModel.swift */,
			);
			path = ViewModel;
			sourceTree = "<group>";
		};
/* End PBXGroup section */

/* Begin PBXNativeTarget section */
		534426372EA5067C00032EB7 /* LearningJourney */ = {
			isa = PBXNativeTarget;
			buildConfigurationList = 534426432EA5067C00032EB7 /* Build configuration list for PBXNativeTarget "LearningJourney" */;
			buildPhases = (
				534426342EA5067C00032EB7 /* Sources */,
				534426352EA5067C00032EB7 /* Frameworks */,
				534426362EA5067C00032EB7 /* Resources */,
			);
			buildRules = (
			);
			dependencies = (
			);
			fileSystemSynchronizedGroups = (
				5344265D2EA5272A00032EB7 /* SharedComponents */,
				5347CC7F2EA98A63007FAB47 /* activity */,
				5347CC802EA98A8C007FAB47 /* calendar */,
				5347CC812EA98AA8007FAB47 /* changeGoal */,
				5347CC822EA98ABC007FAB47 /* onboarding */,
			);
			name = LearningJourney;
			packageProductDependencies = (
			);
			productName = LearningJourney;
			productReference = 534426382EA5067C00032EB7 /* LearningJourney.app */;
			productType = "com.apple.product-type.application";
		};
/* End PBXNativeTarget section */

/* Begin PBXProject section */
		534426302EA5067C00032EB7 /* Project object */ = {
			isa = PBXProject;
			attributes = {
				BuildIndependentTargetsInParallel = 1;
				LastSwiftUpdateCheck = 2600;
				LastUpgradeCheck = 2600;
				TargetAttributes = {
					534426372EA5067C00032EB7 = {
						CreatedOnToolsVersion = 26.0.1;
					};
				};
			};
			buildConfigurationList = 534426332EA5067C00032EB7 /* Build configuration list for PBXProject "LearningJourney" */;
			developmentRegion = en;
			hasScannedForEncodings = 0;
			knownRegions = (
				en,
				Base,
			);
			mainGroup = 5344262F2EA5067C00032EB7;
			minimizedProjectReferenceProxies = 1;
			preferredProjectObjectVersion = 77;
			productRefGroup = 534426392EA5067C00032EB7 /* Products */;
			projectDirPath = "";
			projectRoot = "";
			targets = (
				534426372EA5067C00032EB7 /* LearningJourney */,
			);
		};
/* End PBXProject section */

/* Begin PBXResourcesBuildPhase section */
		534426362EA5067C00032EB7 /* Resources */ = {
			isa = PBXResourcesBuildPhase;
			buildActionMask = 2147483647;
			files = (
				5344265B2EA5270300032EB7 /* Assets.xcassets in Resources */,
			);
			runOnlyForDeploymentPostprocessing = 0;
		};
/* End PBXResourcesBuildPhase section */

/* Begin PBXSourcesBuildPhase section */
		534426342EA5067C00032EB7 /* Sources */ = {
			isa = PBXSourcesBuildPhase;
			buildActionMask = 2147483647;
			files = (
				5344265F2EA527EE00032EB7 /* File.swift in Sources */,
				534426582EA5270300032EB7 /* OnboardingViewModel.swift in Sources */,
				534426592EA5270300032EB7 /* ContentView.swift in Sources */,
				5347CC872EAA3A9E007FAB47 /* SavedDataView.swift in Sources */,
				5344265A2EA5270300032EB7 /* LearningJourneyApp.swift in Sources */,
			);
			runOnlyForDeploymentPostprocessing = 0;
		};
/* End PBXSourcesBuildPhase section */

/* Begin XCBuildConfiguration section */
		534426412EA5067C00032EB7 /* Debug */ = {
			isa = XCBuildConfiguration;
			buildSettings = {
				ALWAYS_SEARCH_USER_PATHS = NO;
				ASSETCATALOG_COMPILER_GENERATE_SWIFT_ASSET_SYMBOL_EXTENSIONS = YES;
				CLANG_ANALYZER_NONNULL = YES;
				CLANG_ANALYZER_NUMBER_OBJECT_CONVERSION = YES_AGGRESSIVE;
				CLANG_CXX_LANGUAGE_STANDARD = "gnu++20";
				CLANG_ENABLE_MODULES = YES;
				CLANG_ENABLE_OBJC_ARC = YES;
				CLANG_ENABLE_OBJC_WEAK = YES;
				CLANG_WARN_BLOCK_CAPTURE_AUTORELEASING = YES;
				CLANG_WARN_BOOL_CONVERSION = YES;
				CLANG_WARN_COMMA = YES;
				CLANG_WARN_CONSTANT_CONVERSION = YES;
				CLANG_WARN_DEPRECATED_OBJC_IMPLEMENTATIONS = YES;
				CLANG_WARN_DIRECT_OBJC_ISA_USAGE = YES_ERROR;
				CLANG_WARN_DOCUMENTATION_COMMENTS = YES;
				CLANG_WARN_EMPTY_BODY = YES;
				CLANG_WARN_ENUM_CONVERSION = YES;
				CLANG_WARN_INFINITE_RECURSION = YES;
				CLANG_WARN_INT_CONVERSION = YES;
				CLANG_WARN_NON_LITERAL_NULL_CONVERSION = YES;
				CLANG_WARN_OBJC_IMPLICIT_RETAIN_SELF = YES;
				CLANG_WARN_OBJC_LITERAL_CONVERSION = YES;
				CLANG_WARN_OBJC_ROOT_CLASS = YES_ERROR;
				CLANG_WARN_QUOTED_INCLUDE_IN_FRAMEWORK_HEADER = YES;
				CLANG_WARN_RANGE_LOOP_ANALYSIS = YES;
				CLANG_WARN_STRICT_PROTOTYPES = YES;
				CLANG_WARN_SUSPICIOUS_MOVE = YES;
				CLANG_WARN_UNGUARDED_AVAILABILITY = YES_AGGRESSIVE;
				CLANG_WARN_UNREACHABLE_CODE = YES;
				CLANG_WARN__DUPLICATE_METHOD_MATCH = YES;
				COPY_PHASE_STRIP = NO;
				DEBUG_INFORMATION_FORMAT = dwarf;
				ENABLE_STRICT_OBJC_MSGSEND = YES;
				ENABLE_TESTABILITY = YES;
				ENABLE_USER_SCRIPT_SANDBOXING = YES;
				GCC_C_LANGUAGE_STANDARD = gnu17;
				GCC_DYNAMIC_NO_PIC = NO;
				GCC_NO_COMMON_BLOCKS = YES;
				GCC_OPTIMIZATION_LEVEL = 0;
				GCC_PREPROCESSOR_DEFINITIONS = (
					"DEBUG=1",
					"$(inherited)",
				);
				GCC_WARN_64_TO_32_BIT_CONVERSION = YES;
				GCC_WARN_ABOUT_RETURN_TYPE = YES_ERROR;
				GCC_WARN_UNDECLARED_SELECTOR = YES;
				GCC_WARN_UNINITIALIZED_AUTOS = YES_AGGRESSIVE;
				GCC_WARN_UNUSED_FUNCTION = YES;
				GCC_WARN_UNUSED_VARIABLE = YES;
				IPHONEOS_DEPLOYMENT_TARGET = 26.0;
				LOCALIZATION_PREFERS_STRING_CATALOGS = YES;
				MTL_ENABLE_DEBUG_INFO = INCLUDE_SOURCE;
				MTL_FAST_MATH = YES;
				ONLY_ACTIVE_ARCH = YES;
				SDKROOT = iphoneos;
				SWIFT_ACTIVE_COMPILATION_CONDITIONS = "DEBUG $(inherited)";
				SWIFT_OPTIMIZATION_LEVEL = "-Onone";
			};
			name = Debug;
		};
		534426422EA5067C00032EB7 /* Release */ = {
			isa = XCBuildConfiguration;
			buildSettings = {
				ALWAYS_SEARCH_USER_PATHS = NO;
				ASSETCATALOG_COMPILER_GENERATE_SWIFT_ASSET_SYMBOL_EXTENSIONS = YES;
				CLANG_ANALYZER_NONNULL = YES;
				CLANG_ANALYZER_NUMBER_OBJECT_CONVERSION = YES_AGGRESSIVE;
				CLANG_CXX_LANGUAGE_STANDARD = "gnu++20";
				CLANG_ENABLE_MODULES = YES;
				CLANG_ENABLE_OBJC_ARC = YES;
				CLANG_ENABLE_OBJC_WEAK = YES;
				CLANG_WARN_BLOCK_CAPTURE_AUTORELEASING = YES;
				CLANG_WARN_BOOL_CONVERSION = YES;
				CLANG_WARN_COMMA = YES;
				CLANG_WARN_CONSTANT_CONVERSION = YES;
				CLANG_WARN_DEPRECATED_OBJC_IMPLEMENTATIONS = YES;
				CLANG_WARN_DIRECT_OBJC_ISA_USAGE = YES_ERROR;
				CLANG_WARN_DOCUMENTATION_COMMENTS = YES;
				CLANG_WARN_EMPTY_BODY = YES;
				CLANG_WARN_ENUM_CONVERSION = YES;
				CLANG_WARN_INFINITE_RECURSION = YES;
				CLANG_WARN_INT_CONVERSION = YES;
				CLANG_WARN_NON_LITERAL_NULL_CONVERSION = YES;
				CLANG_WARN_OBJC_IMPLICIT_RETAIN_SELF = YES;
				CLANG_WARN_OBJC_LITERAL_CONVERSION = YES;
				CLANG_WARN_OBJC_ROOT_CLASS = YES_ERROR;
				CLANG_WARN_QUOTED_INCLUDE_IN_FRAMEWORK_HEADER = YES;
				CLANG_WARN_RANGE_LOOP_ANALYSIS = YES;
				CLANG_WARN_STRICT_PROTOTYPES = YES;
				CLANG_WARN_SUSPICIOUS_MOVE = YES;
				CLANG_WARN_UNGUARDED_AVAILABILITY = YES_AGGRESSIVE;
				CLANG_WARN_UNREACHABLE_CODE = YES;
				CLANG_WARN__DUPLICATE_METHOD_MATCH = YES;
				COPY_PHASE_STRIP = NO;
				DEBUG_INFORMATION_FORMAT = "dwarf-with-dsym";
				ENABLE_NS_ASSERTIONS = NO;
				ENABLE_STRICT_OBJC_MSGSEND = YES;
				ENABLE_USER_SCRIPT_SANDBOXING = YES;
				GCC_C_LANGUAGE_STANDARD = gnu17;
				GCC_NO_COMMON_BLOCKS = YES;
				GCC_WARN_64_TO_32_BIT_CONVERSION = YES;
				GCC_WARN_ABOUT_RETURN_TYPE = YES_ERROR;
				GCC_WARN_UNDECLARED_SELECTOR = YES;
				GCC_WARN_UNINITIALIZED_AUTOS = YES_AGGRESSIVE;
				GCC_WARN_UNUSED_FUNCTION = YES;
				GCC_WARN_UNUSED_VARIABLE = YES;
				IPHONEOS_DEPLOYMENT_TARGET = 26.0;
				LOCALIZATION_PREFERS_STRING_CATALOGS = YES;
				MTL_ENABLE_DEBUG_INFO = NO;
				MTL_FAST_MATH = YES;
				SDKROOT = iphoneos;
				SWIFT_COMPILATION_MODE = wholemodule;
				VALIDATE_PRODUCT = YES;
			};
			name = Release;
		};
		534426442EA5067C00032EB7 /* Debug */ = {
			isa = XCBuildConfiguration;
			buildSettings = {
				ASSETCATALOG_COMPILER_APPICON_NAME = AppIcon;
				ASSETCATALOG_COMPILER_GLOBAL_ACCENT_COLOR_NAME = AccentColor;
				CODE_SIGN_STYLE = Automatic;
				CURRENT_PROJECT_VERSION = 1;
				ENABLE_PREVIEWS = YES;
				GENERATE_INFOPLIST_FILE = YES;
				INFOPLIST_KEY_CFBundleDisplayName = "Learning Journey";
				INFOPLIST_KEY_UIApplicationSceneManifest_Generation = YES;
				INFOPLIST_KEY_UIApplicationSupportsIndirectInputEvents = YES;
				INFOPLIST_KEY_UILaunchScreen_Generation = YES;
				INFOPLIST_KEY_UISupportedInterfaceOrientations_iPad = "UIInterfaceOrientationPortrait UIInterfaceOrientationPortraitUpsideDown UIInterfaceOrientationLandscapeLeft UIInterfaceOrientationLandscapeRight";
				INFOPLIST_KEY_UISupportedInterfaceOrientations_iPhone = "UIInterfaceOrientationPortrait UIInterfaceOrientationLandscapeLeft UIInterfaceOrientationLandscapeRight";
				LD_RUNPATH_SEARCH_PATHS = (
					"$(inherited)",
					"@executable_path/Frameworks",
				);
				MARKETING_VERSION = 1.0;
				PRODUCT_BUNDLE_IDENTIFIER = com.somaiya.LearningJourney;
				PRODUCT_NAME = "$(TARGET_NAME)";
				STRING_CATALOG_GENERATE_SYMBOLS = YES;
				SWIFT_APPROACHABLE_CONCURRENCY = YES;
				SWIFT_DEFAULT_ACTOR_ISOLATION = MainActor;
				SWIFT_EMIT_LOC_STRINGS = YES;
				SWIFT_UPCOMING_FEATURE_MEMBER_IMPORT_VISIBILITY = YES;
				SWIFT_VERSION = 5.0;
				TARGETED_DEVICE_FAMILY = "1,2";
			};
			name = Debug;
		};
		534426452EA5067C00032EB7 /* Release */ = {
			isa = XCBuildConfiguration;
			buildSettings = {
				ASSETCATALOG_COMPILER_APPICON_NAME = AppIcon;
				ASSETCATALOG_COMPILER_GLOBAL_ACCENT_COLOR_NAME = AccentColor;
				CODE_SIGN_STYLE = Automatic;
				CURRENT_PROJECT_VERSION = 1;
				ENABLE_PREVIEWS = YES;
				GENERATE_INFOPLIST_FILE = YES;
				INFOPLIST_KEY_CFBundleDisplayName = "Learning Journey";
				INFOPLIST_KEY_UIApplicationSceneManifest_Generation = YES;
				INFOPLIST_KEY_UIApplicationSupportsIndirectInputEvents = YES;
				INFOPLIST_KEY_UILaunchScreen_Generation = YES;
				INFOPLIST_KEY_UISupportedInterfaceOrientations_iPad = "UIInterfaceOrientationPortrait UIInterfaceOrientationPortraitUpsideDown UIInterfaceOrientationLandscapeLeft UIInterfaceOrientationLandscapeRight";
				INFOPLIST_KEY_UISupportedInterfaceOrientations_iPhone = "UIInterfaceOrientationPortrait UIInterfaceOrientationLandscapeLeft UIInterfaceOrientationLandscapeRight";
				LD_RUNPATH_SEARCH_PATHS = (
					"$(inherited)",
					"@executable_path/Frameworks",
				);
				MARKETING_VERSION = 1.0;
				PRODUCT_BUNDLE_IDENTIFIER = com.somaiya.LearningJourney;
				PRODUCT_NAME = "$(TARGET_NAME)";
				STRING_CATALOG_GENERATE_SYMBOLS = YES;
				SWIFT_APPROACHABLE_CONCURRENCY = YES;
				SWIFT_DEFAULT_ACTOR_ISOLATION = MainActor;
				SWIFT_EMIT_LOC_STRINGS = YES;
				SWIFT_UPCOMING_FEATURE_MEMBER_IMPORT_VISIBILITY = YES;
				SWIFT_VERSION = 5.0;
				TARGETED_DEVICE_FAMILY = "1,2";
			};
			name = Release;
		};
/* End XCBuildConfiguration section */

/* Begin XCConfigurationList section */
		534426332EA5067C00032EB7 /* Build configuration list for PBXProject "LearningJourney" */ = {
			isa = XCConfigurationList;
			buildConfigurations = (
				534426412EA5067C00032EB7 /* Debug */,
				534426422EA5067C00032EB7 /* Release */,
			);
			defaultConfigurationIsVisible = 0;
			defaultConfigurationName = Release;
		};
		534426432EA5067C00032EB7 /* Build configuration list for PBXNativeTarget "LearningJourney" */ = {
			isa = XCConfigurationList;
			buildConfigurations = (
				534426442EA5067C00032EB7 /* Debug */,
				534426452EA5067C00032EB7 /* Release */,
			);
			defaultConfigurationIsVisible = 0;
			defaultConfigurationName = Release;
		};
/* End XCConfigurationList section */
	};
	rootObject = 534426302EA5067C00032EB7 /* Project object */;
}
